
Microsoft Visual Studio Solution File, Format Version 12.00
# Visual Studio Version 17
VisualStudioVersion = 17.7.34031.279
MinimumVisualStudioVersion = 10.0.40219.1
Project("{FAE04EC0-301F-11D3-BF4B-00C04F79EFBC}") = "P5_4_714220070", "P5_4_714220070\P5_4_714220070.csproj", "{11622163-52B5-4D42-90E0-963436F4E1C5}"
EndProject
Global
	GlobalSection(SolutionConfigurationPlatforms) = preSolution
		Debug|Any CPU = Debug|Any CPU
		Release|Any CPU = Release|Any CPU
	EndGlobalSection
	GlobalSection(ProjectConfigurationPlatforms) = postSolution
		{11622163-52B5-4D42-90E0-963436F4E1C5}.Debug|Any CPU.ActiveCfg = Debug|Any CPU
		{11622163-52B5-4D42-90E0-963436F4E1C5}.Debug|Any CPU.Build.0 = Debug|Any CPU
		{11622163-52B5-4D42-90E0-963436F4E1C5}.Release|Any CPU.ActiveCfg = Release|Any CPU
		{11622163-52B5-4D42-90E0-963436F4E1C5}.Release|Any CPU.Build.0 = Release|Any CPU
	EndGlobalSection
	GlobalSection(SolutionProperties) = preSolution
		HideSolutionNode = FALSE
	EndGlobalSection
	GlobalSection(ExtensibilityGlobals) = postSolution
		SolutionGuid = {9D480B0F-5FB7-434A-AC20-0D85E769C895}
	EndGlobalSection
EndGlobal
